
Microsoft Visual Studio Solution File, Format Version 12.00
# Visual Studio Version 17
VisualStudioVersion = 17.2.32314.265
MinimumVisualStudioVersion = 10.0.40219.1
Project("{FAE04EC0-301F-11D3-BF4B-00C04F79EFBC}") = "Docpro", "Docpro\Docpro.csproj", "{315675E0-5B67-4272-A97A-BB703EC90892}"
EndProject
Project("{FAE04EC0-301F-11D3-BF4B-00C04F79EFBC}") = "Docpro.BL", "Docpro.BL\Docpro.BL.csproj", "{76D39130-4F7B-42E0-AC0C-89111149BC36}"
EndProject
Project("{FAE04EC0-301F-11D3-BF4B-00C04F79EFBC}") = "Docpro.DAL", "Docpro.DAL\Docpro.DAL.csproj", "{51F01BB7-99B6-4A25-AF8A-690CC2079E28}"
EndProject
Global
	GlobalSection(SolutionConfigurationPlatforms) = preSolution
		Debug|Any CPU = Debug|Any CPU
		Release|Any CPU = Release|Any CPU
	EndGlobalSection
	GlobalSection(ProjectConfigurationPlatforms) = postSolution
		{315675E0-5B67-4272-A97A-BB703EC90892}.Debug|Any CPU.ActiveCfg = Debug|Any CPU
		{315675E0-5B67-4272-A97A-BB703EC90892}.Debug|Any CPU.Build.0 = Debug|Any CPU
		{315675E0-5B67-4272-A97A-BB703EC90892}.Release|Any CPU.ActiveCfg = Release|Any CPU
		{315675E0-5B67-4272-A97A-BB703EC90892}.Release|Any CPU.Build.0 = Release|Any CPU
		{76D39130-4F7B-42E0-AC0C-89111149BC36}.Debug|Any CPU.ActiveCfg = Debug|Any CPU
		{76D39130-4F7B-42E0-AC0C-89111149BC36}.Debug|Any CPU.Build.0 = Debug|Any CPU
		{76D39130-4F7B-42E0-AC0C-89111149BC36}.Release|Any CPU.ActiveCfg = Release|Any CPU
		{76D39130-4F7B-42E0-AC0C-89111149BC36}.Release|Any CPU.Build.0 = Release|Any CPU
		{51F01BB7-99B6-4A25-AF8A-690CC2079E28}.Debug|Any CPU.ActiveCfg = Debug|Any CPU
		{51F01BB7-99B6-4A25-AF8A-690CC2079E28}.Debug|Any CPU.Build.0 = Debug|Any CPU
		{51F01BB7-99B6-4A25-AF8A-690CC2079E28}.Release|Any CPU.ActiveCfg = Release|Any CPU
		{51F01BB7-99B6-4A25-AF8A-690CC2079E28}.Release|Any CPU.Build.0 = Release|Any CPU
	EndGlobalSection
	GlobalSection(SolutionProperties) = preSolution
		HideSolutionNode = FALSE
	EndGlobalSection
	GlobalSection(ExtensibilityGlobals) = postSolution
		SolutionGuid = {5875CA72-7A5B-4FD4-B631-54BEB0B0950D}
	EndGlobalSection
EndGlobal
